
Microsoft Visual Studio Solution File, Format Version 12.00
# Visual Studio Version 17
VisualStudioVersion = 17.6.33723.286
MinimumVisualStudioVersion = 10.0.40219.1
Project("{FAE04EC0-301F-11D3-BF4B-00C04F79EFBC}") = "Alena", "Alena.csproj", "{E49DB40E-EC23-4F91-AA61-2E779398A25C}"
EndProject
Global
	GlobalSection(SolutionConfigurationPlatforms) = preSolution
		Debug|Any CPU = Debug|Any CPU
		Release|Any CPU = Release|Any CPU
	EndGlobalSection
	GlobalSection(ProjectConfigurationPlatforms) = postSolution
		{E49DB40E-EC23-4F91-AA61-2E779398A25C}.Debug|Any CPU.ActiveCfg = Debug|Any CPU
		{E49DB40E-EC23-4F91-AA61-2E779398A25C}.Debug|Any CPU.Build.0 = Debug|Any CPU
		{E49DB40E-EC23-4F91-AA61-2E779398A25C}.Release|Any CPU.ActiveCfg = Release|Any CPU
		{E49DB40E-EC23-4F91-AA61-2E779398A25C}.Release|Any CPU.Build.0 = Release|Any CPU
	EndGlobalSection
	GlobalSection(SolutionProperties) = preSolution
		HideSolutionNode = FALSE
	EndGlobalSection
	GlobalSection(ExtensibilityGlobals) = postSolution
		SolutionGuid = {2D9F44B4-782E-4398-8D03-47DFE22C9337}
	EndGlobalSection
EndGlobal
